
Microsoft Visual Studio Solution File, Format Version 12.00
# Visual Studio Version 17
VisualStudioVersion = 17.9.34902.65
MinimumVisualStudioVersion = 10.0.40219.1
Project("{F184B08F-C81C-45F6-A57F-5ABD9991F28F}") = "Exception_handling_valid", "Exception_handling_valid.vbproj", "{25BFEAF5-0942-49E8-BC69-9C8EE173F033}"
EndProject
Global
	GlobalSection(SolutionConfigurationPlatforms) = preSolution
		Debug|Any CPU = Debug|Any CPU
		Release|Any CPU = Release|Any CPU
	EndGlobalSection
	GlobalSection(ProjectConfigurationPlatforms) = postSolution
		{25BFEAF5-0942-49E8-BC69-9C8EE173F033}.Debug|Any CPU.ActiveCfg = Debug|Any CPU
		{25BFEAF5-0942-49E8-BC69-9C8EE173F033}.Debug|Any CPU.Build.0 = Debug|Any CPU
		{25BFEAF5-0942-49E8-BC69-9C8EE173F033}.Release|Any CPU.ActiveCfg = Release|Any CPU
		{25BFEAF5-0942-49E8-BC69-9C8EE173F033}.Release|Any CPU.Build.0 = Release|Any CPU
	EndGlobalSection
	GlobalSection(SolutionProperties) = preSolution
		HideSolutionNode = FALSE
	EndGlobalSection
	GlobalSection(ExtensibilityGlobals) = postSolution
		SolutionGuid = {A4FAB9F0-1F38-4C83-B471-8E13B27FF707}
	EndGlobalSection
EndGlobal
