
Microsoft Visual Studio Solution File, Format Version 12.00
# Visual Studio Version 17
VisualStudioVersion = 17.10.34916.146
MinimumVisualStudioVersion = 10.0.40219.1
Project("{F184B08F-C81C-45F6-A57F-5ABD9991F28F}") = "ConsoleApp2", "ConsoleApp2.vbproj", "{DA46D383-4EA5-4033-AB0D-8CFDFF9B8490}"
EndProject
Global
	GlobalSection(SolutionConfigurationPlatforms) = preSolution
		Debug|Any CPU = Debug|Any CPU
		Release|Any CPU = Release|Any CPU
	EndGlobalSection
	GlobalSection(ProjectConfigurationPlatforms) = postSolution
		{DA46D383-4EA5-4033-AB0D-8CFDFF9B8490}.Debug|Any CPU.ActiveCfg = Debug|Any CPU
		{DA46D383-4EA5-4033-AB0D-8CFDFF9B8490}.Debug|Any CPU.Build.0 = Debug|Any CPU
		{DA46D383-4EA5-4033-AB0D-8CFDFF9B8490}.Release|Any CPU.ActiveCfg = Release|Any CPU
		{DA46D383-4EA5-4033-AB0D-8CFDFF9B8490}.Release|Any CPU.Build.0 = Release|Any CPU
	EndGlobalSection
	GlobalSection(SolutionProperties) = preSolution
		HideSolutionNode = FALSE
	EndGlobalSection
	GlobalSection(ExtensibilityGlobals) = postSolution
		SolutionGuid = {CD391196-28C3-49C4-BC71-879296A0F39E}
	EndGlobalSection
EndGlobal
