
Microsoft Visual Studio Solution File, Format Version 12.00
# Visual Studio Version 17
VisualStudioVersion = 17.10.34916.146
MinimumVisualStudioVersion = 10.0.40219.1
Project("{F184B08F-C81C-45F6-A57F-5ABD9991F28F}") = "ConsoleApp1", "ConsoleApp1.vbproj", "{E09B361F-7BC7-415E-A196-4C3D1FC8D764}"
EndProject
Global
	GlobalSection(SolutionConfigurationPlatforms) = preSolution
		Debug|Any CPU = Debug|Any CPU
		Release|Any CPU = Release|Any CPU
	EndGlobalSection
	GlobalSection(ProjectConfigurationPlatforms) = postSolution
		{E09B361F-7BC7-415E-A196-4C3D1FC8D764}.Debug|Any CPU.ActiveCfg = Debug|Any CPU
		{E09B361F-7BC7-415E-A196-4C3D1FC8D764}.Debug|Any CPU.Build.0 = Debug|Any CPU
		{E09B361F-7BC7-415E-A196-4C3D1FC8D764}.Release|Any CPU.ActiveCfg = Release|Any CPU
		{E09B361F-7BC7-415E-A196-4C3D1FC8D764}.Release|Any CPU.Build.0 = Release|Any CPU
	EndGlobalSection
	GlobalSection(SolutionProperties) = preSolution
		HideSolutionNode = FALSE
	EndGlobalSection
	GlobalSection(ExtensibilityGlobals) = postSolution
		SolutionGuid = {CDB6BA0B-CD9A-442A-AD04-FF2428997FA3}
	EndGlobalSection
EndGlobal
