
Microsoft Visual Studio Solution File, Format Version 12.00
# Visual Studio Version 17
VisualStudioVersion = 17.9.34902.65
MinimumVisualStudioVersion = 10.0.40219.1
Project("{F184B08F-C81C-45F6-A57F-5ABD9991F28F}") = "1.Dynamic", "1.Dynamic.vbproj", "{DBE4D271-38B0-4651-9199-D9BF737309CF}"
EndProject
Global
	GlobalSection(SolutionConfigurationPlatforms) = preSolution
		Debug|Any CPU = Debug|Any CPU
		Release|Any CPU = Release|Any CPU
	EndGlobalSection
	GlobalSection(ProjectConfigurationPlatforms) = postSolution
		{DBE4D271-38B0-4651-9199-D9BF737309CF}.Debug|Any CPU.ActiveCfg = Debug|Any CPU
		{DBE4D271-38B0-4651-9199-D9BF737309CF}.Debug|Any CPU.Build.0 = Debug|Any CPU
		{DBE4D271-38B0-4651-9199-D9BF737309CF}.Release|Any CPU.ActiveCfg = Release|Any CPU
		{DBE4D271-38B0-4651-9199-D9BF737309CF}.Release|Any CPU.Build.0 = Release|Any CPU
	EndGlobalSection
	GlobalSection(SolutionProperties) = preSolution
		HideSolutionNode = FALSE
	EndGlobalSection
	GlobalSection(ExtensibilityGlobals) = postSolution
		SolutionGuid = {AAF432DE-94F1-4B19-9C68-3BEADDD9E6E5}
	EndGlobalSection
EndGlobal
