
Microsoft Visual Studio Solution File, Format Version 12.00
# Visual Studio Version 17
VisualStudioVersion = 17.9.34902.65
MinimumVisualStudioVersion = 10.0.40219.1
Project("{F184B08F-C81C-45F6-A57F-5ABD9991F28F}") = "3.Bodymass_Index", "3.Bodymass_Index.vbproj", "{FF49747B-59E1-4787-A092-1B20E382B5EB}"
EndProject
Global
	GlobalSection(SolutionConfigurationPlatforms) = preSolution
		Debug|Any CPU = Debug|Any CPU
		Release|Any CPU = Release|Any CPU
	EndGlobalSection
	GlobalSection(ProjectConfigurationPlatforms) = postSolution
		{FF49747B-59E1-4787-A092-1B20E382B5EB}.Debug|Any CPU.ActiveCfg = Debug|Any CPU
		{FF49747B-59E1-4787-A092-1B20E382B5EB}.Debug|Any CPU.Build.0 = Debug|Any CPU
		{FF49747B-59E1-4787-A092-1B20E382B5EB}.Release|Any CPU.ActiveCfg = Release|Any CPU
		{FF49747B-59E1-4787-A092-1B20E382B5EB}.Release|Any CPU.Build.0 = Release|Any CPU
	EndGlobalSection
	GlobalSection(SolutionProperties) = preSolution
		HideSolutionNode = FALSE
	EndGlobalSection
	GlobalSection(ExtensibilityGlobals) = postSolution
		SolutionGuid = {63064CC6-C2FE-4733-A284-BAF878CD5900}
	EndGlobalSection
EndGlobal
