
Microsoft Visual Studio Solution File, Format Version 12.00
# Visual Studio Version 17
VisualStudioVersion = 17.9.34902.65
MinimumVisualStudioVersion = 10.0.40219.1
Project("{F184B08F-C81C-45F6-A57F-5ABD9991F28F}") = "supermarket", "supermarket.vbproj", "{CBAE7454-68CA-4044-B12B-CDF84116BD57}"
EndProject
Global
	GlobalSection(SolutionConfigurationPlatforms) = preSolution
		Debug|Any CPU = Debug|Any CPU
		Release|Any CPU = Release|Any CPU
	EndGlobalSection
	GlobalSection(ProjectConfigurationPlatforms) = postSolution
		{CBAE7454-68CA-4044-B12B-CDF84116BD57}.Debug|Any CPU.ActiveCfg = Debug|Any CPU
		{CBAE7454-68CA-4044-B12B-CDF84116BD57}.Debug|Any CPU.Build.0 = Debug|Any CPU
		{CBAE7454-68CA-4044-B12B-CDF84116BD57}.Release|Any CPU.ActiveCfg = Release|Any CPU
		{CBAE7454-68CA-4044-B12B-CDF84116BD57}.Release|Any CPU.Build.0 = Release|Any CPU
	EndGlobalSection
	GlobalSection(SolutionProperties) = preSolution
		HideSolutionNode = FALSE
	EndGlobalSection
	GlobalSection(ExtensibilityGlobals) = postSolution
		SolutionGuid = {B96A78BA-05D3-4B61-A4E2-E3284DDC0FCC}
	EndGlobalSection
EndGlobal
