
Microsoft Visual Studio Solution File, Format Version 12.00
# Visual Studio Version 17
VisualStudioVersion = 17.9.34902.65
MinimumVisualStudioVersion = 10.0.40219.1
Project("{F184B08F-C81C-45F6-A57F-5ABD9991F28F}") = "ConsoleApp3", "ConsoleApp3.vbproj", "{F8CBA5A2-FACB-40CD-9841-4ED053BD8634}"
EndProject
Global
	GlobalSection(SolutionConfigurationPlatforms) = preSolution
		Debug|Any CPU = Debug|Any CPU
		Release|Any CPU = Release|Any CPU
	EndGlobalSection
	GlobalSection(ProjectConfigurationPlatforms) = postSolution
		{F8CBA5A2-FACB-40CD-9841-4ED053BD8634}.Debug|Any CPU.ActiveCfg = Debug|Any CPU
		{F8CBA5A2-FACB-40CD-9841-4ED053BD8634}.Debug|Any CPU.Build.0 = Debug|Any CPU
		{F8CBA5A2-FACB-40CD-9841-4ED053BD8634}.Release|Any CPU.ActiveCfg = Release|Any CPU
		{F8CBA5A2-FACB-40CD-9841-4ED053BD8634}.Release|Any CPU.Build.0 = Release|Any CPU
	EndGlobalSection
	GlobalSection(SolutionProperties) = preSolution
		HideSolutionNode = FALSE
	EndGlobalSection
	GlobalSection(ExtensibilityGlobals) = postSolution
		SolutionGuid = {C9AC7749-8B06-44DE-9B1F-FCCC661B0D01}
	EndGlobalSection
EndGlobal
