
Microsoft Visual Studio Solution File, Format Version 12.00
# Visual Studio Version 17
VisualStudioVersion = 17.10.34916.146
MinimumVisualStudioVersion = 10.0.40219.1
Project("{F184B08F-C81C-45F6-A57F-5ABD9991F28F}") = "Exception Handling", "Exception Handling.vbproj", "{8B0C4BC8-1209-4B5F-99D7-A74DBF0B30D8}"
EndProject
Global
	GlobalSection(SolutionConfigurationPlatforms) = preSolution
		Debug|Any CPU = Debug|Any CPU
		Release|Any CPU = Release|Any CPU
	EndGlobalSection
	GlobalSection(ProjectConfigurationPlatforms) = postSolution
		{8B0C4BC8-1209-4B5F-99D7-A74DBF0B30D8}.Debug|Any CPU.ActiveCfg = Debug|Any CPU
		{8B0C4BC8-1209-4B5F-99D7-A74DBF0B30D8}.Debug|Any CPU.Build.0 = Debug|Any CPU
		{8B0C4BC8-1209-4B5F-99D7-A74DBF0B30D8}.Release|Any CPU.ActiveCfg = Release|Any CPU
		{8B0C4BC8-1209-4B5F-99D7-A74DBF0B30D8}.Release|Any CPU.Build.0 = Release|Any CPU
	EndGlobalSection
	GlobalSection(SolutionProperties) = preSolution
		HideSolutionNode = FALSE
	EndGlobalSection
	GlobalSection(ExtensibilityGlobals) = postSolution
		SolutionGuid = {4A731F75-5A2E-4858-A2E6-292580F9322A}
	EndGlobalSection
EndGlobal
